
Microsoft Visual Studio Solution File, Format Version 12.00
# Visual Studio 15
VisualStudioVersion = 15.0.27130.2010
MinimumVisualStudioVersion = 10.0.40219.1
Project("{9A19103F-16F7-4668-BE54-9A1E7A4F7556}") = "KvtWebAPI", "KvtWebAPI\KvtWebAPI.csproj", "{02E64725-243B-454A-A9AB-C6149548980D}"
EndProject
Global
	GlobalSection(SolutionConfigurationPlatforms) = preSolution
		Debug|Any CPU = Debug|Any CPU
		Release|Any CPU = Release|Any CPU
	EndGlobalSection
	GlobalSection(ProjectConfigurationPlatforms) = postSolution
		{02E64725-243B-454A-A9AB-C6149548980D}.Debug|Any CPU.ActiveCfg = Debug|Any CPU
		{02E64725-243B-454A-A9AB-C6149548980D}.Debug|Any CPU.Build.0 = Debug|Any CPU
		{02E64725-243B-454A-A9AB-C6149548980D}.Release|Any CPU.ActiveCfg = Release|Any CPU
		{02E64725-243B-454A-A9AB-C6149548980D}.Release|Any CPU.Build.0 = Release|Any CPU
	EndGlobalSection
	GlobalSection(SolutionProperties) = preSolution
		HideSolutionNode = FALSE
	EndGlobalSection
	GlobalSection(ExtensibilityGlobals) = postSolution
		SolutionGuid = {97766E8C-94CB-464E-A569-888EAAFEF57D}
	EndGlobalSection
EndGlobal
